
Microsoft Visual Studio Solution File, Format Version 12.00
# Visual Studio Version 16
VisualStudioVersion = 16.0.30523.141
MinimumVisualStudioVersion = 10.0.40219.1
Project("{FAE04EC0-301F-11D3-BF4B-00C04F79EFBC}") = "Дроби", "Дроби.csproj", "{A3D16F3F-9B13-447B-ABA1-68A6EE1E6939}"
EndProject
Global
	GlobalSection(SolutionConfigurationPlatforms) = preSolution
		Debug|Any CPU = Debug|Any CPU
		Release|Any CPU = Release|Any CPU
	EndGlobalSection
	GlobalSection(ProjectConfigurationPlatforms) = postSolution
		{A3D16F3F-9B13-447B-ABA1-68A6EE1E6939}.Debug|Any CPU.ActiveCfg = Debug|Any CPU
		{A3D16F3F-9B13-447B-ABA1-68A6EE1E6939}.Debug|Any CPU.Build.0 = Debug|Any CPU
		{A3D16F3F-9B13-447B-ABA1-68A6EE1E6939}.Release|Any CPU.ActiveCfg = Release|Any CPU
		{A3D16F3F-9B13-447B-ABA1-68A6EE1E6939}.Release|Any CPU.Build.0 = Release|Any CPU
	EndGlobalSection
	GlobalSection(SolutionProperties) = preSolution
		HideSolutionNode = FALSE
	EndGlobalSection
	GlobalSection(ExtensibilityGlobals) = postSolution
		SolutionGuid = {BA1DCADC-EC50-4BB7-B068-604EC419F9CA}
	EndGlobalSection
EndGlobal
